
Microsoft Visual Studio Solution File, Format Version 12.00
# Visual Studio Version 16
VisualStudioVersion = 16.0.29306.81
MinimumVisualStudioVersion = 10.0.40219.1
Project("{FAE04EC0-301F-11D3-BF4B-00C04F79EFBC}") = "Almacen_X_", "Almacen_X_\Almacen_X_.csproj", "{BB04D808-0050-4AA1-8A59-3D1BE96A7DF8}"
EndProject
Global
	GlobalSection(SolutionConfigurationPlatforms) = preSolution
		Debug|Any CPU = Debug|Any CPU
		Release|Any CPU = Release|Any CPU
	EndGlobalSection
	GlobalSection(ProjectConfigurationPlatforms) = postSolution
		{BB04D808-0050-4AA1-8A59-3D1BE96A7DF8}.Debug|Any CPU.ActiveCfg = Debug|Any CPU
		{BB04D808-0050-4AA1-8A59-3D1BE96A7DF8}.Debug|Any CPU.Build.0 = Debug|Any CPU
		{BB04D808-0050-4AA1-8A59-3D1BE96A7DF8}.Release|Any CPU.ActiveCfg = Release|Any CPU
		{BB04D808-0050-4AA1-8A59-3D1BE96A7DF8}.Release|Any CPU.Build.0 = Release|Any CPU
	EndGlobalSection
	GlobalSection(SolutionProperties) = preSolution
		HideSolutionNode = FALSE
	EndGlobalSection
	GlobalSection(ExtensibilityGlobals) = postSolution
		SolutionGuid = {6325FF50-5110-420C-BC3F-A17A6C6C3FD6}
	EndGlobalSection
EndGlobal
